
Microsoft Visual Studio Solution File, Format Version 12.00
# Visual Studio Version 17
VisualStudioVersion = 17.11.35327.3
MinimumVisualStudioVersion = 10.0.40219.1
Project("{9A19103F-16F7-4668-BE54-9A1E7A4F7556}") = "Api", "Colab\Api.csproj", "{B3BA4AA6-40CD-4A19-9BEE-0F3D90656D9A}"
EndProject
Project("{FAE04EC0-301F-11D3-BF4B-00C04F79EFBC}") = "Application", "Application\Application.csproj", "{4CE960CD-0C87-4C5A-9BA4-B71165C84A06}"
EndProject
Project("{FAE04EC0-301F-11D3-BF4B-00C04F79EFBC}") = "Domain", "Domain\Domain.csproj", "{B283DA50-BD86-4474-946D-7D8EE633D102}"
EndProject
Project("{FAE04EC0-301F-11D3-BF4B-00C04F79EFBC}") = "Infrastructure", "Infrastructure\Infrastructure.csproj", "{14599446-4422-4F59-91A6-3E02598C8119}"
EndProject
Global
	GlobalSection(SolutionConfigurationPlatforms) = preSolution
		Debug|Any CPU = Debug|Any CPU
		Release|Any CPU = Release|Any CPU
	EndGlobalSection
	GlobalSection(ProjectConfigurationPlatforms) = postSolution
		{B3BA4AA6-40CD-4A19-9BEE-0F3D90656D9A}.Debug|Any CPU.ActiveCfg = Debug|Any CPU
		{B3BA4AA6-40CD-4A19-9BEE-0F3D90656D9A}.Debug|Any CPU.Build.0 = Debug|Any CPU
		{B3BA4AA6-40CD-4A19-9BEE-0F3D90656D9A}.Release|Any CPU.ActiveCfg = Release|Any CPU
		{B3BA4AA6-40CD-4A19-9BEE-0F3D90656D9A}.Release|Any CPU.Build.0 = Release|Any CPU
		{4CE960CD-0C87-4C5A-9BA4-B71165C84A06}.Debug|Any CPU.ActiveCfg = Debug|Any CPU
		{4CE960CD-0C87-4C5A-9BA4-B71165C84A06}.Debug|Any CPU.Build.0 = Debug|Any CPU
		{4CE960CD-0C87-4C5A-9BA4-B71165C84A06}.Release|Any CPU.ActiveCfg = Release|Any CPU
		{4CE960CD-0C87-4C5A-9BA4-B71165C84A06}.Release|Any CPU.Build.0 = Release|Any CPU
		{B283DA50-BD86-4474-946D-7D8EE633D102}.Debug|Any CPU.ActiveCfg = Debug|Any CPU
		{B283DA50-BD86-4474-946D-7D8EE633D102}.Debug|Any CPU.Build.0 = Debug|Any CPU
		{B283DA50-BD86-4474-946D-7D8EE633D102}.Release|Any CPU.ActiveCfg = Release|Any CPU
		{B283DA50-BD86-4474-946D-7D8EE633D102}.Release|Any CPU.Build.0 = Release|Any CPU
		{14599446-4422-4F59-91A6-3E02598C8119}.Debug|Any CPU.ActiveCfg = Debug|Any CPU
		{14599446-4422-4F59-91A6-3E02598C8119}.Debug|Any CPU.Build.0 = Debug|Any CPU
		{14599446-4422-4F59-91A6-3E02598C8119}.Release|Any CPU.ActiveCfg = Release|Any CPU
		{14599446-4422-4F59-91A6-3E02598C8119}.Release|Any CPU.Build.0 = Release|Any CPU
	EndGlobalSection
	GlobalSection(SolutionProperties) = preSolution
		HideSolutionNode = FALSE
	EndGlobalSection
	GlobalSection(ExtensibilityGlobals) = postSolution
		SolutionGuid = {95DF0B37-5082-48F1-A1F8-6499E50063A4}
	EndGlobalSection
EndGlobal
